// !$*UTF8*$!
{
	archiveVersion = 1;
	classes = {
	};
	objectVersion = 60;
	objects = {

/* Begin PBXBuildFile section */
		A0000000000000000000003B /* Assets.xcassets in Resources */ = {isa = PBXBuildFile; fileRef = A0000000000000000000003A /* Assets.xcassets */; };
		A00000000000000000000001 /* Sources/ConnorGraphAgentMac/ConnorGraphAgentMacApp.swift in Sources */ = {isa = PBXBuildFile; fileRef = A00000000000000000000002 /* Sources/ConnorGraphAgentMac/ConnorGraphAgentMacApp.swift */; };
		A00000000000000000000003 /* ConnorGraphCore in Frameworks */ = {isa = PBXBuildFile; productRef = A00000000000000000000004 /* ConnorGraphCore */; };
		A00000000000000000000005 /* ConnorGraphMemory in Frameworks */ = {isa = PBXBuildFile; productRef = A00000000000000000000006 /* ConnorGraphMemory */; };
		A00000000000000000000007 /* ConnorGraphStore in Frameworks */ = {isa = PBXBuildFile; productRef = A00000000000000000000008 /* ConnorGraphStore */; };
		A00000000000000000000009 /* ConnorGraphSearch in Frameworks */ = {isa = PBXBuildFile; productRef = A0000000000000000000000A /* ConnorGraphSearch */; };
		A0000000000000000000000B /* ConnorGraphAgent in Frameworks */ = {isa = PBXBuildFile; productRef = A0000000000000000000000C /* ConnorGraphAgent */; };
		A0000000000000000000000F /* ConnorGraphAppSupport in Frameworks */ = {isa = PBXBuildFile; productRef = A00000000000000000000010 /* ConnorGraphAppSupport */; };
		A0000000000000000000002C /* AgentChatView.swift in Sources */ = {isa = PBXBuildFile; fileRef = A0000000000000000000002D /* AgentChatView.swift */; };
		A0000000000000000000002E /* Sources/ConnorGraphAgentMac/EmptyGraphHybridSearchService.swift in Sources */ = {isa = PBXBuildFile; fileRef = A0000000000000000000002F /* Sources/ConnorGraphAgentMac/EmptyGraphHybridSearchService.swift */; };
		A00000000000000000000030 /* Sources/ConnorGraphAgentMac/BrowserWorkspaceView.swift in Sources */ = {isa = PBXBuildFile; fileRef = A00000000000000000000031 /* Sources/ConnorGraphAgentMac/BrowserWorkspaceView.swift */; };
		A00000000000000000000032 /* Sources/ConnorGraphAgentMac/ConnorCommandPaletteView.swift in Sources */ = {isa = PBXBuildFile; fileRef = A00000000000000000000033 /* Sources/ConnorGraphAgentMac/ConnorCommandPaletteView.swift */; };
		A00000000000000000000036 /* Sources/ConnorGraphAgentMac/SourceSkillAutomationRuntimeViews.swift in Sources */ = {isa = PBXBuildFile; fileRef = A00000000000000000000037 /* Sources/ConnorGraphAgentMac/SourceSkillAutomationRuntimeViews.swift */; };
		A00000000000000000000038 /* Sources/ConnorGraphAgentMac/BrowserBackgroundTaskRunnerView.swift in Sources */ = {isa = PBXBuildFile; fileRef = A00000000000000000000039 /* Sources/ConnorGraphAgentMac/BrowserBackgroundTaskRunnerView.swift */; };
		A0000000000000000000003D /* Sources/ConnorGraphAgentMac/BrowserHistoryPanelView.swift in Sources */ = {isa = PBXBuildFile; fileRef = A0000000000000000000003E /* Sources/ConnorGraphAgentMac/BrowserHistoryPanelView.swift */; };
		B00000000000000000000001 /* XcodeSwiftPMBridgeTests.swift in Sources */ = {isa = PBXBuildFile; fileRef = B00000000000000000000002 /* XcodeSwiftPMBridgeTests.swift */; };
		D00000000000000000000001 /* Sources/ConnorGraphAgentMac/AgentChatActivityViews.swift in Sources */ = {isa = PBXBuildFile; fileRef = C00000000000000000000001 /* Sources/ConnorGraphAgentMac/AgentChatActivityViews.swift */; };
		D00000000000000000000002 /* Sources/ConnorGraphAgentMac/AgentChatComposerView.swift in Sources */ = {isa = PBXBuildFile; fileRef = C00000000000000000000002 /* Sources/ConnorGraphAgentMac/AgentChatComposerView.swift */; };
		D00000000000000000000003 /* Sources/ConnorGraphAgentMac/AgentChatPermissionRequestCard.swift in Sources */ = {isa = PBXBuildFile; fileRef = C00000000000000000000003 /* Sources/ConnorGraphAgentMac/AgentChatPermissionRequestCard.swift */; };
		D00000000000000000000004 /* Sources/ConnorGraphAgentMac/AppChatSummaryPresentationBuilder.swift in Sources */ = {isa = PBXBuildFile; fileRef = C00000000000000000000004 /* Sources/ConnorGraphAgentMac/AppChatSummaryPresentationBuilder.swift */; };
		D00000000000000000000005 /* Sources/ConnorGraphAgentMac/AppCommercialReadinessDashboardBuilder.swift in Sources */ = {isa = PBXBuildFile; fileRef = C00000000000000000000005 /* Sources/ConnorGraphAgentMac/AppCommercialReadinessDashboardBuilder.swift */; };
		D00000000000000000000006 /* Sources/ConnorGraphAgentMac/AppGraphMemoryDashboardBuilder.swift in Sources */ = {isa = PBXBuildFile; fileRef = C00000000000000000000006 /* Sources/ConnorGraphAgentMac/AppGraphMemoryDashboardBuilder.swift */; };
		D00000000000000000000007 /* Sources/ConnorGraphAgentMac/AppNavigationTypes.swift in Sources */ = {isa = PBXBuildFile; fileRef = C00000000000000000000007 /* Sources/ConnorGraphAgentMac/AppNavigationTypes.swift */; };
		D00000000000000000000008 /* Sources/ConnorGraphAgentMac/AppShellViews.swift in Sources */ = {isa = PBXBuildFile; fileRef = C00000000000000000000008 /* Sources/ConnorGraphAgentMac/AppShellViews.swift */; };
		D00000000000000000000009 /* Sources/ConnorGraphAgentMac/AppViewModelFactory.swift in Sources */ = {isa = PBXBuildFile; fileRef = C00000000000000000000009 /* Sources/ConnorGraphAgentMac/AppViewModelFactory.swift */; };
		D0000000000000000000000A /* Sources/ConnorGraphAgentMac/AppViewModelLLMProvider.swift in Sources */ = {isa = PBXBuildFile; fileRef = C0000000000000000000000A /* Sources/ConnorGraphAgentMac/AppViewModelLLMProvider.swift */; };
		D0000000000000000000000B /* Sources/ConnorGraphAgentMac/AppWorkspaceRootDraftEditor.swift in Sources */ = {isa = PBXBuildFile; fileRef = C0000000000000000000000B /* Sources/ConnorGraphAgentMac/AppWorkspaceRootDraftEditor.swift */; };
		D0000000000000000000000C /* Sources/ConnorGraphAgentMac/AppWorkspaceRootDraftMapper.swift in Sources */ = {isa = PBXBuildFile; fileRef = C0000000000000000000000C /* Sources/ConnorGraphAgentMac/AppWorkspaceRootDraftMapper.swift */; };
		D0000000000000000000000D /* Sources/ConnorGraphAgentMac/BrowserWorkspaceFloatingViews.swift in Sources */ = {isa = PBXBuildFile; fileRef = C0000000000000000000000D /* Sources/ConnorGraphAgentMac/BrowserWorkspaceFloatingViews.swift */; };
		D0000000000000000000000E /* Sources/ConnorGraphAgentMac/BrowserWorkspaceModels.swift in Sources */ = {isa = PBXBuildFile; fileRef = C0000000000000000000000E /* Sources/ConnorGraphAgentMac/BrowserWorkspaceModels.swift */; };
		D0000000000000000000000F /* Sources/ConnorGraphAgentMac/ConnorSettingsViews.swift in Sources */ = {isa = PBXBuildFile; fileRef = C0000000000000000000000F /* Sources/ConnorGraphAgentMac/ConnorSettingsViews.swift */; };
		D00000000000000000000010 /* Sources/ConnorGraphAgentMac/ProductOSRegistryViews.swift in Sources */ = {isa = PBXBuildFile; fileRef = C00000000000000000000010 /* Sources/ConnorGraphAgentMac/ProductOSRegistryViews.swift */; };
		D00000000000000000000011 /* Sources/ConnorGraphAgentMac/WorkspaceDiagnosticViews.swift in Sources */ = {isa = PBXBuildFile; fileRef = C00000000000000000000011 /* Sources/ConnorGraphAgentMac/WorkspaceDiagnosticViews.swift */; };
		E00000000000000000000001 /* Sources/ConnorGraphAgentMac/AgentAttachmentInspectorView.swift in Sources */ = {isa = PBXBuildFile; fileRef = E00000000000000000000011 /* Sources/ConnorGraphAgentMac/AgentAttachmentInspectorView.swift */; };
		E00000000000000000000002 /* Sources/ConnorGraphAgentMac/AgentAttachmentPreviewSheetView.swift in Sources */ = {isa = PBXBuildFile; fileRef = E00000000000000000000012 /* Sources/ConnorGraphAgentMac/AgentAttachmentPreviewSheetView.swift */; };
		E00000000000000000000003 /* Sources/ConnorGraphAgentMac/AgentAttachmentShelfView.swift in Sources */ = {isa = PBXBuildFile; fileRef = E00000000000000000000013 /* Sources/ConnorGraphAgentMac/AgentAttachmentShelfView.swift */; };
		F00000000000000000000001 /* Sources/ConnorGraphAgentMac/AgentToolInvocationDetailOverlay.swift in Sources */ = {isa = PBXBuildFile; fileRef = F00000000000000000000011 /* Sources/ConnorGraphAgentMac/AgentToolInvocationDetailOverlay.swift */; };
		F00000000000000000000002 /* Sources/ConnorGraphAgentMac/AgentToolOutputRenderers.swift in Sources */ = {isa = PBXBuildFile; fileRef = F00000000000000000000012 /* Sources/ConnorGraphAgentMac/AgentToolOutputRenderers.swift */; };
/* End PBXBuildFile section */

/* Begin PBXFileReference section */
		A0000000000000000000003A /* Assets.xcassets */ = {isa = PBXFileReference; lastKnownFileType = folder.assetcatalog; path = Sources/ConnorGraphAgentMac/Assets.xcassets; sourceTree = "<group>"; };
		A00000000000000000000002 /* Sources/ConnorGraphAgentMac/ConnorGraphAgentMacApp.swift */ = {isa = PBXFileReference; lastKnownFileType = sourcecode.swift; path = Sources/ConnorGraphAgentMac/ConnorGraphAgentMacApp.swift; sourceTree = "<group>"; };
		A00000000000000000000011 /* ConnorGraphAgentMacApp.app */ = {isa = PBXFileReference; explicitFileType = wrapper.application; includeInIndex = 0; path = ConnorGraphAgentMacApp.app; sourceTree = BUILT_PRODUCTS_DIR; };
		A0000000000000000000002D /* AgentChatView.swift */ = {isa = PBXFileReference; lastKnownFileType = sourcecode.swift; name = AgentChatView.swift; path = Sources/ConnorGraphAgentMac/AgentChatView.swift; sourceTree = "<group>"; };
		A0000000000000000000002F /* Sources/ConnorGraphAgentMac/EmptyGraphHybridSearchService.swift */ = {isa = PBXFileReference; lastKnownFileType = sourcecode.swift; path = Sources/ConnorGraphAgentMac/EmptyGraphHybridSearchService.swift; sourceTree = "<group>"; };
		A00000000000000000000031 /* Sources/ConnorGraphAgentMac/BrowserWorkspaceView.swift */ = {isa = PBXFileReference; lastKnownFileType = sourcecode.swift; path = Sources/ConnorGraphAgentMac/BrowserWorkspaceView.swift; sourceTree = "<group>"; };
		A00000000000000000000033 /* Sources/ConnorGraphAgentMac/ConnorCommandPaletteView.swift */ = {isa = PBXFileReference; lastKnownFileType = sourcecode.swift; path = Sources/ConnorGraphAgentMac/ConnorCommandPaletteView.swift; sourceTree = "<group>"; };
		A00000000000000000000037 /* Sources/ConnorGraphAgentMac/SourceSkillAutomationRuntimeViews.swift */ = {isa = PBXFileReference; lastKnownFileType = sourcecode.swift; path = Sources/ConnorGraphAgentMac/SourceSkillAutomationRuntimeViews.swift; sourceTree = "<group>"; };
		A00000000000000000000039 /* Sources/ConnorGraphAgentMac/BrowserBackgroundTaskRunnerView.swift */ = {isa = PBXFileReference; lastKnownFileType = sourcecode.swift; path = Sources/ConnorGraphAgentMac/BrowserBackgroundTaskRunnerView.swift; sourceTree = "<group>"; };
		A0000000000000000000003E /* Sources/ConnorGraphAgentMac/BrowserHistoryPanelView.swift */ = {isa = PBXFileReference; lastKnownFileType = sourcecode.swift; path = Sources/ConnorGraphAgentMac/BrowserHistoryPanelView.swift; sourceTree = "<group>"; };
		B00000000000000000000002 /* XcodeSwiftPMBridgeTests.swift */ = {isa = PBXFileReference; lastKnownFileType = sourcecode.swift; path = XcodeSwiftPMBridgeTests.swift; sourceTree = "<group>"; };
		B00000000000000000000003 /* ConnorGraphAgentMacTests.xctest */ = {isa = PBXFileReference; explicitFileType = wrapper.cfbundle; includeInIndex = 0; path = ConnorGraphAgentMacTests.xctest; sourceTree = BUILT_PRODUCTS_DIR; };
		C00000000000000000000001 /* Sources/ConnorGraphAgentMac/AgentChatActivityViews.swift */ = {isa = PBXFileReference; lastKnownFileType = sourcecode.swift; path = Sources/ConnorGraphAgentMac/AgentChatActivityViews.swift; sourceTree = "<group>"; };
		C00000000000000000000002 /* Sources/ConnorGraphAgentMac/AgentChatComposerView.swift */ = {isa = PBXFileReference; lastKnownFileType = sourcecode.swift; path = Sources/ConnorGraphAgentMac/AgentChatComposerView.swift; sourceTree = "<group>"; };
		C00000000000000000000003 /* Sources/ConnorGraphAgentMac/AgentChatPermissionRequestCard.swift */ = {isa = PBXFileReference; lastKnownFileType = sourcecode.swift; path = Sources/ConnorGraphAgentMac/AgentChatPermissionRequestCard.swift; sourceTree = "<group>"; };
		C00000000000000000000004 /* Sources/ConnorGraphAgentMac/AppChatSummaryPresentationBuilder.swift */ = {isa = PBXFileReference; lastKnownFileType = sourcecode.swift; path = Sources/ConnorGraphAgentMac/AppChatSummaryPresentationBuilder.swift; sourceTree = "<group>"; };
		C00000000000000000000005 /* Sources/ConnorGraphAgentMac/AppCommercialReadinessDashboardBuilder.swift */ = {isa = PBXFileReference; lastKnownFileType = sourcecode.swift; path = Sources/ConnorGraphAgentMac/AppCommercialReadinessDashboardBuilder.swift; sourceTree = "<group>"; };
		C00000000000000000000006 /* Sources/ConnorGraphAgentMac/AppGraphMemoryDashboardBuilder.swift */ = {isa = PBXFileReference; lastKnownFileType = sourcecode.swift; path = Sources/ConnorGraphAgentMac/AppGraphMemoryDashboardBuilder.swift; sourceTree = "<group>"; };
		C00000000000000000000007 /* Sources/ConnorGraphAgentMac/AppNavigationTypes.swift */ = {isa = PBXFileReference; lastKnownFileType = sourcecode.swift; path = Sources/ConnorGraphAgentMac/AppNavigationTypes.swift; sourceTree = "<group>"; };
		C00000000000000000000008 /* Sources/ConnorGraphAgentMac/AppShellViews.swift */ = {isa = PBXFileReference; lastKnownFileType = sourcecode.swift; path = Sources/ConnorGraphAgentMac/AppShellViews.swift; sourceTree = "<group>"; };
		C00000000000000000000009 /* Sources/ConnorGraphAgentMac/AppViewModelFactory.swift */ = {isa = PBXFileReference; lastKnownFileType = sourcecode.swift; path = Sources/ConnorGraphAgentMac/AppViewModelFactory.swift; sourceTree = "<group>"; };
		C0000000000000000000000A /* Sources/ConnorGraphAgentMac/AppViewModelLLMProvider.swift */ = {isa = PBXFileReference; lastKnownFileType = sourcecode.swift; path = Sources/ConnorGraphAgentMac/AppViewModelLLMProvider.swift; sourceTree = "<group>"; };
		C0000000000000000000000B /* Sources/ConnorGraphAgentMac/AppWorkspaceRootDraftEditor.swift */ = {isa = PBXFileReference; lastKnownFileType = sourcecode.swift; path = Sources/ConnorGraphAgentMac/AppWorkspaceRootDraftEditor.swift; sourceTree = "<group>"; };
		C0000000000000000000000C /* Sources/ConnorGraphAgentMac/AppWorkspaceRootDraftMapper.swift */ = {isa = PBXFileReference; lastKnownFileType = sourcecode.swift; path = Sources/ConnorGraphAgentMac/AppWorkspaceRootDraftMapper.swift; sourceTree = "<group>"; };
		C0000000000000000000000D /* Sources/ConnorGraphAgentMac/BrowserWorkspaceFloatingViews.swift */ = {isa = PBXFileReference; lastKnownFileType = sourcecode.swift; path = Sources/ConnorGraphAgentMac/BrowserWorkspaceFloatingViews.swift; sourceTree = "<group>"; };
		C0000000000000000000000E /* Sources/ConnorGraphAgentMac/BrowserWorkspaceModels.swift */ = {isa = PBXFileReference; lastKnownFileType = sourcecode.swift; path = Sources/ConnorGraphAgentMac/BrowserWorkspaceModels.swift; sourceTree = "<group>"; };
		C0000000000000000000000F /* Sources/ConnorGraphAgentMac/ConnorSettingsViews.swift */ = {isa = PBXFileReference; lastKnownFileType = sourcecode.swift; path = Sources/ConnorGraphAgentMac/ConnorSettingsViews.swift; sourceTree = "<group>"; };
		C00000000000000000000010 /* Sources/ConnorGraphAgentMac/ProductOSRegistryViews.swift */ = {isa = PBXFileReference; lastKnownFileType = sourcecode.swift; path = Sources/ConnorGraphAgentMac/ProductOSRegistryViews.swift; sourceTree = "<group>"; };
		C00000000000000000000011 /* Sources/ConnorGraphAgentMac/WorkspaceDiagnosticViews.swift */ = {isa = PBXFileReference; lastKnownFileType = sourcecode.swift; path = Sources/ConnorGraphAgentMac/WorkspaceDiagnosticViews.swift; sourceTree = "<group>"; };
		E00000000000000000000011 /* Sources/ConnorGraphAgentMac/AgentAttachmentInspectorView.swift */ = {isa = PBXFileReference; lastKnownFileType = sourcecode.swift; path = Sources/ConnorGraphAgentMac/AgentAttachmentInspectorView.swift; sourceTree = "<group>"; };
		E00000000000000000000012 /* Sources/ConnorGraphAgentMac/AgentAttachmentPreviewSheetView.swift */ = {isa = PBXFileReference; lastKnownFileType = sourcecode.swift; path = Sources/ConnorGraphAgentMac/AgentAttachmentPreviewSheetView.swift; sourceTree = "<group>"; };
		E00000000000000000000013 /* Sources/ConnorGraphAgentMac/AgentAttachmentShelfView.swift */ = {isa = PBXFileReference; lastKnownFileType = sourcecode.swift; path = Sources/ConnorGraphAgentMac/AgentAttachmentShelfView.swift; sourceTree = "<group>"; };
		F00000000000000000000011 /* Sources/ConnorGraphAgentMac/AgentToolInvocationDetailOverlay.swift */ = {isa = PBXFileReference; lastKnownFileType = sourcecode.swift; path = Sources/ConnorGraphAgentMac/AgentToolInvocationDetailOverlay.swift; sourceTree = "<group>"; };
		F00000000000000000000012 /* Sources/ConnorGraphAgentMac/AgentToolOutputRenderers.swift */ = {isa = PBXFileReference; lastKnownFileType = sourcecode.swift; path = Sources/ConnorGraphAgentMac/AgentToolOutputRenderers.swift; sourceTree = "<group>"; };
/* End PBXFileReference section */

/* Begin PBXFrameworksBuildPhase section */
		A00000000000000000000012 /* Frameworks */ = {
			isa = PBXFrameworksBuildPhase;
			buildActionMask = 2147483647;
			files = (
				A00000000000000000000003 /* ConnorGraphCore in Frameworks */,
				A00000000000000000000005 /* ConnorGraphMemory in Frameworks */,
				A00000000000000000000007 /* ConnorGraphStore in Frameworks */,
				A00000000000000000000009 /* ConnorGraphSearch in Frameworks */,
				A0000000000000000000000B /* ConnorGraphAgent in Frameworks */,
				A0000000000000000000000F /* ConnorGraphAppSupport in Frameworks */,
			);
			runOnlyForDeploymentPostprocessing = 0;
		};
		B00000000000000000000005 /* Frameworks */ = {
			isa = PBXFrameworksBuildPhase;
			buildActionMask = 2147483647;
			files = (
			);
			runOnlyForDeploymentPostprocessing = 0;
		};
/* End PBXFrameworksBuildPhase section */

/* Begin PBXResourcesBuildPhase section */
		A0000000000000000000003C /* Resources */ = {
			isa = PBXResourcesBuildPhase;
			buildActionMask = 2147483647;
			files = (
				A0000000000000000000003B /* Assets.xcassets in Resources */,
			);
			runOnlyForDeploymentPostprocessing = 0;
		};
/* End PBXResourcesBuildPhase section */

/* Begin PBXGroup section */
		A00000000000000000000013 = {
			isa = PBXGroup;
			children = (
				B00000000000000000000004 /* Tests/XcodeTestBridge */,
				A00000000000000000000002 /* Sources/ConnorGraphAgentMac/ConnorGraphAgentMacApp.swift */,
				A0000000000000000000002F /* Sources/ConnorGraphAgentMac/EmptyGraphHybridSearchService.swift */,
				A00000000000000000000031 /* Sources/ConnorGraphAgentMac/BrowserWorkspaceView.swift */,
				A00000000000000000000039 /* Sources/ConnorGraphAgentMac/BrowserBackgroundTaskRunnerView.swift */,
				A0000000000000000000003E /* Sources/ConnorGraphAgentMac/BrowserHistoryPanelView.swift */,
				A0000000000000000000003A /* Assets.xcassets */,
				A00000000000000000000033 /* Sources/ConnorGraphAgentMac/ConnorCommandPaletteView.swift */,
				A00000000000000000000037 /* Sources/ConnorGraphAgentMac/SourceSkillAutomationRuntimeViews.swift */,
				C00000000000000000000001 /* Sources/ConnorGraphAgentMac/AgentChatActivityViews.swift */,
				E00000000000000000000011 /* Sources/ConnorGraphAgentMac/AgentAttachmentInspectorView.swift */,
				E00000000000000000000012 /* Sources/ConnorGraphAgentMac/AgentAttachmentPreviewSheetView.swift */,
				E00000000000000000000013 /* Sources/ConnorGraphAgentMac/AgentAttachmentShelfView.swift */,
				F00000000000000000000011 /* Sources/ConnorGraphAgentMac/AgentToolInvocationDetailOverlay.swift */,
				F00000000000000000000012 /* Sources/ConnorGraphAgentMac/AgentToolOutputRenderers.swift */,
				C00000000000000000000002 /* Sources/ConnorGraphAgentMac/AgentChatComposerView.swift */,
				C00000000000000000000003 /* Sources/ConnorGraphAgentMac/AgentChatPermissionRequestCard.swift */,
				C00000000000000000000004 /* Sources/ConnorGraphAgentMac/AppChatSummaryPresentationBuilder.swift */,
				C00000000000000000000005 /* Sources/ConnorGraphAgentMac/AppCommercialReadinessDashboardBuilder.swift */,
				C00000000000000000000006 /* Sources/ConnorGraphAgentMac/AppGraphMemoryDashboardBuilder.swift */,
				C00000000000000000000007 /* Sources/ConnorGraphAgentMac/AppNavigationTypes.swift */,
				C00000000000000000000008 /* Sources/ConnorGraphAgentMac/AppShellViews.swift */,
				C00000000000000000000009 /* Sources/ConnorGraphAgentMac/AppViewModelFactory.swift */,
				C0000000000000000000000A /* Sources/ConnorGraphAgentMac/AppViewModelLLMProvider.swift */,
				C0000000000000000000000B /* Sources/ConnorGraphAgentMac/AppWorkspaceRootDraftEditor.swift */,
				C0000000000000000000000C /* Sources/ConnorGraphAgentMac/AppWorkspaceRootDraftMapper.swift */,
				C0000000000000000000000D /* Sources/ConnorGraphAgentMac/BrowserWorkspaceFloatingViews.swift */,
				C0000000000000000000000E /* Sources/ConnorGraphAgentMac/BrowserWorkspaceModels.swift */,
				C0000000000000000000000F /* Sources/ConnorGraphAgentMac/ConnorSettingsViews.swift */,
				C00000000000000000000010 /* Sources/ConnorGraphAgentMac/ProductOSRegistryViews.swift */,
				C00000000000000000000011 /* Sources/ConnorGraphAgentMac/WorkspaceDiagnosticViews.swift */,
				A00000000000000000000014 /* Products */,
				A0000000000000000000002D /* AgentChatView.swift */,
			);
			sourceTree = "<group>";
		};
		A00000000000000000000014 /* Products */ = {
			isa = PBXGroup;
			children = (
				A00000000000000000000011 /* ConnorGraphAgentMacApp.app */,
				B00000000000000000000003 /* ConnorGraphAgentMacTests.xctest */,
			);
			name = Products;
			sourceTree = "<group>";
		};
		B00000000000000000000004 /* Tests/XcodeTestBridge */ = {
			isa = PBXGroup;
			children = (
				B00000000000000000000002 /* XcodeSwiftPMBridgeTests.swift */,
			);
			path = Tests/XcodeTestBridge;
			sourceTree = "<group>";
		};
/* End PBXGroup section */

/* Begin PBXNativeTarget section */
		A00000000000000000000015 /* ConnorGraphAgentMacApp */ = {
			isa = PBXNativeTarget;
			buildConfigurationList = A00000000000000000000016 /* Build configuration list for PBXNativeTarget "ConnorGraphAgentMacApp" */;
			buildPhases = (
				A00000000000000000000017 /* Sources */,
				A00000000000000000000012 /* Frameworks */,
				A0000000000000000000003C /* Resources */,
			);
			buildRules = (
			);
			dependencies = (
			);
			name = ConnorGraphAgentMacApp;
			packageProductDependencies = (
				A00000000000000000000004 /* ConnorGraphCore */,
				A00000000000000000000006 /* ConnorGraphMemory */,
				A00000000000000000000008 /* ConnorGraphStore */,
				A0000000000000000000000A /* ConnorGraphSearch */,
				A0000000000000000000000C /* ConnorGraphAgent */,
				A00000000000000000000010 /* ConnorGraphAppSupport */,
			);
			productName = ConnorGraphAgentMacApp;
			productReference = A00000000000000000000011 /* ConnorGraphAgentMacApp.app */;
			productType = "com.apple.product-type.application";
		};
		B00000000000000000000007 /* ConnorGraphAgentMacTests */ = {
			isa = PBXNativeTarget;
			buildConfigurationList = B00000000000000000000008 /* Build configuration list for PBXNativeTarget "ConnorGraphAgentMacTests" */;
			buildPhases = (
				B00000000000000000000006 /* Sources */,
				B00000000000000000000005 /* Frameworks */,
			);
			buildRules = (
			);
			dependencies = (
			);
			name = ConnorGraphAgentMacTests;
			packageProductDependencies = (
			);
			productName = ConnorGraphAgentMacTests;
			productReference = B00000000000000000000003 /* ConnorGraphAgentMacTests.xctest */;
			productType = "com.apple.product-type.bundle.unit-test";
		};
/* End PBXNativeTarget section */

/* Begin PBXProject section */
		A00000000000000000000018 /* Project object */ = {
			isa = PBXProject;
			attributes = {
				BuildIndependentTargetsInParallel = 1;
				LastSwiftUpdateCheck = 1600;
				LastUpgradeCheck = 2650;
				TargetAttributes = {
					A00000000000000000000015 = {
						CreatedOnToolsVersion = 16.0;
					};
					B00000000000000000000007 = {
						CreatedOnToolsVersion = 16.0;
						TestTargetID = A00000000000000000000015;
					};
				};
			};
			buildConfigurationList = A00000000000000000000019 /* Build configuration list for PBXProject "ConnorGraphAgentMac" */;
			compatibilityVersion = "Xcode 14.0";
			developmentRegion = en;
			hasScannedForEncodings = 0;
			knownRegions = (
				en,
				Base,
			);
			mainGroup = A00000000000000000000013;
			packageReferences = (
				A0000000000000000000001A /* XCLocalSwiftPackageReference "." */,
			);
			productRefGroup = A00000000000000000000014 /* Products */;
			projectDirPath = "";
			projectRoot = "";
			targets = (
				A00000000000000000000015 /* ConnorGraphAgentMacApp */,
				B00000000000000000000007 /* ConnorGraphAgentMacTests */,
			);
		};
/* End PBXProject section */

/* Begin PBXSourcesBuildPhase section */
		A00000000000000000000017 /* Sources */ = {
			isa = PBXSourcesBuildPhase;
			buildActionMask = 2147483647;
			files = (
				A00000000000000000000001 /* Sources/ConnorGraphAgentMac/ConnorGraphAgentMacApp.swift in Sources */,
				A0000000000000000000002C /* AgentChatView.swift in Sources */,
				A0000000000000000000002E /* Sources/ConnorGraphAgentMac/EmptyGraphHybridSearchService.swift in Sources */,
				A00000000000000000000030 /* Sources/ConnorGraphAgentMac/BrowserWorkspaceView.swift in Sources */,
				A00000000000000000000038 /* Sources/ConnorGraphAgentMac/BrowserBackgroundTaskRunnerView.swift in Sources */,
				A0000000000000000000003D /* Sources/ConnorGraphAgentMac/BrowserHistoryPanelView.swift in Sources */,
				A00000000000000000000032 /* Sources/ConnorGraphAgentMac/ConnorCommandPaletteView.swift in Sources */,
				A00000000000000000000036 /* Sources/ConnorGraphAgentMac/SourceSkillAutomationRuntimeViews.swift in Sources */,
				D00000000000000000000001 /* Sources/ConnorGraphAgentMac/AgentChatActivityViews.swift in Sources */,
				E00000000000000000000001 /* Sources/ConnorGraphAgentMac/AgentAttachmentInspectorView.swift in Sources */,
				E00000000000000000000002 /* Sources/ConnorGraphAgentMac/AgentAttachmentPreviewSheetView.swift in Sources */,
				E00000000000000000000003 /* Sources/ConnorGraphAgentMac/AgentAttachmentShelfView.swift in Sources */,
				F00000000000000000000001 /* Sources/ConnorGraphAgentMac/AgentToolInvocationDetailOverlay.swift in Sources */,
				F00000000000000000000002 /* Sources/ConnorGraphAgentMac/AgentToolOutputRenderers.swift in Sources */,
				D00000000000000000000002 /* Sources/ConnorGraphAgentMac/AgentChatComposerView.swift in Sources */,
				D00000000000000000000003 /* Sources/ConnorGraphAgentMac/AgentChatPermissionRequestCard.swift in Sources */,
				D00000000000000000000004 /* Sources/ConnorGraphAgentMac/AppChatSummaryPresentationBuilder.swift in Sources */,
				D00000000000000000000005 /* Sources/ConnorGraphAgentMac/AppCommercialReadinessDashboardBuilder.swift in Sources */,
				D00000000000000000000006 /* Sources/ConnorGraphAgentMac/AppGraphMemoryDashboardBuilder.swift in Sources */,
				D00000000000000000000007 /* Sources/ConnorGraphAgentMac/AppNavigationTypes.swift in Sources */,
				D00000000000000000000008 /* Sources/ConnorGraphAgentMac/AppShellViews.swift in Sources */,
				D00000000000000000000009 /* Sources/ConnorGraphAgentMac/AppViewModelFactory.swift in Sources */,
				D0000000000000000000000A /* Sources/ConnorGraphAgentMac/AppViewModelLLMProvider.swift in Sources */,
				D0000000000000000000000B /* Sources/ConnorGraphAgentMac/AppWorkspaceRootDraftEditor.swift in Sources */,
				D0000000000000000000000C /* Sources/ConnorGraphAgentMac/AppWorkspaceRootDraftMapper.swift in Sources */,
				D0000000000000000000000D /* Sources/ConnorGraphAgentMac/BrowserWorkspaceFloatingViews.swift in Sources */,
				D0000000000000000000000E /* Sources/ConnorGraphAgentMac/BrowserWorkspaceModels.swift in Sources */,
				D0000000000000000000000F /* Sources/ConnorGraphAgentMac/ConnorSettingsViews.swift in Sources */,
				D00000000000000000000010 /* Sources/ConnorGraphAgentMac/ProductOSRegistryViews.swift in Sources */,
				D00000000000000000000011 /* Sources/ConnorGraphAgentMac/WorkspaceDiagnosticViews.swift in Sources */,
			);
			runOnlyForDeploymentPostprocessing = 0;
		};
		B00000000000000000000006 /* Sources */ = {
			isa = PBXSourcesBuildPhase;
			buildActionMask = 2147483647;
			files = (
				B00000000000000000000001 /* XcodeSwiftPMBridgeTests.swift in Sources */,
			);
			runOnlyForDeploymentPostprocessing = 0;
		};
/* End PBXSourcesBuildPhase section */

/* Begin XCBuildConfiguration section */
		A0000000000000000000001B /* Debug */ = {
			isa = XCBuildConfiguration;
			buildSettings = {
				ALWAYS_SEARCH_USER_PATHS = NO;
				ASSETCATALOG_COMPILER_GENERATE_SWIFT_ASSET_SYMBOL_EXTENSIONS = YES;
				CLANG_ANALYZER_NONNULL = YES;
				CLANG_ANALYZER_NUMBER_OBJECT_CONVERSION = YES_AGGRESSIVE;
				CLANG_CXX_LANGUAGE_STANDARD = "gnu++20";
				CLANG_ENABLE_MODULES = YES;
				CLANG_ENABLE_OBJC_ARC = YES;
				CLANG_ENABLE_OBJC_WEAK = YES;
				CLANG_WARN_BLOCK_CAPTURE_AUTORELEASING = YES;
				CLANG_WARN_BOOL_CONVERSION = YES;
				CLANG_WARN_COMMA = YES;
				CLANG_WARN_CONSTANT_CONVERSION = YES;
				CLANG_WARN_DEPRECATED_OBJC_IMPLEMENTATIONS = YES;
				CLANG_WARN_DIRECT_OBJC_ISA_USAGE = YES_ERROR;
				CLANG_WARN_DOCUMENTATION_COMMENTS = YES;
				CLANG_WARN_EMPTY_BODY = YES;
				CLANG_WARN_ENUM_CONVERSION = YES;
				CLANG_WARN_INFINITE_RECURSION = YES;
				CLANG_WARN_INT_CONVERSION = YES;
				CLANG_WARN_NON_LITERAL_NULL_CONVERSION = YES;
				CLANG_WARN_OBJC_IMPLICIT_RETAIN_SELF = YES;
				CLANG_WARN_OBJC_LITERAL_CONVERSION = YES;
				CLANG_WARN_OBJC_ROOT_CLASS = YES_ERROR;
				CLANG_WARN_QUOTED_INCLUDE_IN_FRAMEWORK_HEADER = YES;
				CLANG_WARN_RANGE_LOOP_ANALYSIS = YES;
				CLANG_WARN_STRICT_PROTOTYPES = YES;
				CLANG_WARN_SUSPICIOUS_MOVE = YES;
				CLANG_WARN_UNGUARDED_AVAILABILITY = YES_AGGRESSIVE;
				CLANG_WARN_UNREACHABLE_CODE = YES;
				CLANG_WARN__DUPLICATE_METHOD_MATCH = YES;
				COPY_PHASE_STRIP = NO;
				DEAD_CODE_STRIPPING = YES;
				DEBUG_INFORMATION_FORMAT = dwarf;
				DEVELOPMENT_TEAM = 65H6S5LS3P;
				ENABLE_STRICT_OBJC_MSGSEND = YES;
				ENABLE_TESTABILITY = YES;
				ENABLE_USER_SCRIPT_SANDBOXING = YES;
				GCC_C_LANGUAGE_STANDARD = gnu17;
				GCC_DYNAMIC_NO_PIC = NO;
				GCC_NO_COMMON_BLOCKS = YES;
				GCC_OPTIMIZATION_LEVEL = 0;
				GCC_PREPROCESSOR_DEFINITIONS = (
					"DEBUG=1",
					"$(inherited)",
				);
				GCC_WARN_64_TO_32_BIT_CONVERSION = YES;
				GCC_WARN_ABOUT_RETURN_TYPE = YES_ERROR;
				GCC_WARN_UNDECLARED_SELECTOR = YES;
				GCC_WARN_UNINITIALIZED_AUTOS = YES_AGGRESSIVE;
				GCC_WARN_UNUSED_FUNCTION = YES;
				GCC_WARN_UNUSED_VARIABLE = YES;
				MACOSX_DEPLOYMENT_TARGET = 14.0;
				MTL_ENABLE_DEBUG_INFO = INCLUDE_SOURCE;
				MTL_FAST_MATH = YES;
				ONLY_ACTIVE_ARCH = YES;
				SDKROOT = macosx;
				STRING_CATALOG_GENERATE_SYMBOLS = YES;
				SWIFT_ACTIVE_COMPILATION_CONDITIONS = DEBUG;
				SWIFT_OPTIMIZATION_LEVEL = "-Onone";
			};
			name = Debug;
		};
		A0000000000000000000001C /* Release */ = {
			isa = XCBuildConfiguration;
			buildSettings = {
				ALWAYS_SEARCH_USER_PATHS = NO;
				ASSETCATALOG_COMPILER_GENERATE_SWIFT_ASSET_SYMBOL_EXTENSIONS = YES;
				CLANG_ANALYZER_NONNULL = YES;
				CLANG_ANALYZER_NUMBER_OBJECT_CONVERSION = YES_AGGRESSIVE;
				CLANG_CXX_LANGUAGE_STANDARD = "gnu++20";
				CLANG_ENABLE_MODULES = YES;
				CLANG_ENABLE_OBJC_ARC = YES;
				CLANG_ENABLE_OBJC_WEAK = YES;
				CLANG_WARN_BLOCK_CAPTURE_AUTORELEASING = YES;
				CLANG_WARN_BOOL_CONVERSION = YES;
				CLANG_WARN_COMMA = YES;
				CLANG_WARN_CONSTANT_CONVERSION = YES;
				CLANG_WARN_DEPRECATED_OBJC_IMPLEMENTATIONS = YES;
				CLANG_WARN_DIRECT_OBJC_ISA_USAGE = YES_ERROR;
				CLANG_WARN_DOCUMENTATION_COMMENTS = YES;
				CLANG_WARN_EMPTY_BODY = YES;
				CLANG_WARN_ENUM_CONVERSION = YES;
				CLANG_WARN_INFINITE_RECURSION = YES;
				CLANG_WARN_INT_CONVERSION = YES;
				CLANG_WARN_NON_LITERAL_NULL_CONVERSION = YES;
				CLANG_WARN_OBJC_IMPLICIT_RETAIN_SELF = YES;
				CLANG_WARN_OBJC_LITERAL_CONVERSION = YES;
				CLANG_WARN_OBJC_ROOT_CLASS = YES_ERROR;
				CLANG_WARN_QUOTED_INCLUDE_IN_FRAMEWORK_HEADER = YES;
				CLANG_WARN_RANGE_LOOP_ANALYSIS = YES;
				CLANG_WARN_STRICT_PROTOTYPES = YES;
				CLANG_WARN_SUSPICIOUS_MOVE = YES;
				CLANG_WARN_UNGUARDED_AVAILABILITY = YES_AGGRESSIVE;
				CLANG_WARN_UNREACHABLE_CODE = YES;
				CLANG_WARN__DUPLICATE_METHOD_MATCH = YES;
				COPY_PHASE_STRIP = NO;
				DEAD_CODE_STRIPPING = YES;
				DEBUG_INFORMATION_FORMAT = "dwarf-with-dsym";
				DEVELOPMENT_TEAM = 65H6S5LS3P;
				ENABLE_NS_ASSERTIONS = NO;
				ENABLE_STRICT_OBJC_MSGSEND = YES;
				ENABLE_USER_SCRIPT_SANDBOXING = YES;
				GCC_C_LANGUAGE_STANDARD = gnu17;
				GCC_NO_COMMON_BLOCKS = YES;
				GCC_WARN_64_TO_32_BIT_CONVERSION = YES;
				GCC_WARN_ABOUT_RETURN_TYPE = YES_ERROR;
				GCC_WARN_UNDECLARED_SELECTOR = YES;
				GCC_WARN_UNINITIALIZED_AUTOS = YES_AGGRESSIVE;
				GCC_WARN_UNUSED_FUNCTION = YES;
				GCC_WARN_UNUSED_VARIABLE = YES;
				MACOSX_DEPLOYMENT_TARGET = 14.0;
				MTL_ENABLE_DEBUG_INFO = NO;
				MTL_FAST_MATH = YES;
				SDKROOT = macosx;
				STRING_CATALOG_GENERATE_SYMBOLS = YES;
				SWIFT_COMPILATION_MODE = wholemodule;
				SWIFT_OPTIMIZATION_LEVEL = "-O";
			};
			name = Release;
		};
		A0000000000000000000001D /* Debug */ = {
			isa = XCBuildConfiguration;
			buildSettings = {
				ASSETCATALOG_COMPILER_GENERATE_SWIFT_ASSET_SYMBOL_EXTENSIONS = YES;
				CODE_SIGN_STYLE = Automatic;
				COMBINE_HIDPI_IMAGES = YES;
				CURRENT_PROJECT_VERSION = 1;
				DEAD_CODE_STRIPPING = YES;
				DEVELOPMENT_ASSET_PATHS = "";
				ENABLE_PREVIEWS = YES;
				GENERATE_INFOPLIST_FILE = YES;
				ASSETCATALOG_COMPILER_APPICON_NAME = AppIcon;
				INFOPLIST_KEY_CFBundleDisplayName = "康纳同学";
				INFOPLIST_KEY_CFBundleName = "康纳同学";
				INFOPLIST_KEY_NSHumanReadableCopyright = "";
				LD_RUNPATH_SEARCH_PATHS = (
					"$(inherited)",
					"@executable_path/../Frameworks",
				);
				MACOSX_DEPLOYMENT_TARGET = 14.0;
				MARKETING_VERSION = 1.0;
				PRODUCT_BUNDLE_IDENTIFIER = "com.shiwen.connor-graph-agent-mac";
				PRODUCT_NAME = "康纳同学";
				SDKROOT = macosx;
				SWIFT_EMIT_LOC_STRINGS = YES;
				SWIFT_VERSION = 6.0;
				TARGETED_DEVICE_FAMILY = 1;
			};
			name = Debug;
		};
		A0000000000000000000001E /* Release */ = {
			isa = XCBuildConfiguration;
			buildSettings = {
				ASSETCATALOG_COMPILER_GENERATE_SWIFT_ASSET_SYMBOL_EXTENSIONS = YES;
				CODE_SIGN_STYLE = Automatic;
				COMBINE_HIDPI_IMAGES = YES;
				CURRENT_PROJECT_VERSION = 1;
				DEAD_CODE_STRIPPING = YES;
				DEVELOPMENT_ASSET_PATHS = "";
				ENABLE_PREVIEWS = YES;
				GENERATE_INFOPLIST_FILE = YES;
				ASSETCATALOG_COMPILER_APPICON_NAME = AppIcon;
				INFOPLIST_KEY_CFBundleDisplayName = "康纳同学";
				INFOPLIST_KEY_CFBundleName = "康纳同学";
				INFOPLIST_KEY_NSHumanReadableCopyright = "";
				LD_RUNPATH_SEARCH_PATHS = (
					"$(inherited)",
					"@executable_path/../Frameworks",
				);
				MACOSX_DEPLOYMENT_TARGET = 14.0;
				MARKETING_VERSION = 1.0;
				PRODUCT_BUNDLE_IDENTIFIER = "com.shiwen.connor-graph-agent-mac";
				PRODUCT_NAME = "康纳同学";
				SDKROOT = macosx;
				SWIFT_EMIT_LOC_STRINGS = YES;
				SWIFT_VERSION = 6.0;
				TARGETED_DEVICE_FAMILY = 1;
			};
			name = Release;
		};
		B00000000000000000000009 /* Debug */ = {
			isa = XCBuildConfiguration;
			buildSettings = {
				CODE_SIGN_STYLE = Automatic;
				DEAD_CODE_STRIPPING = YES;
				GENERATE_INFOPLIST_FILE = YES;
				LD_RUNPATH_SEARCH_PATHS = (
					"$(inherited)",
					"@executable_path/../Frameworks",
					"@loader_path/../Frameworks",
				);
				MACOSX_DEPLOYMENT_TARGET = 14.0;
				PRODUCT_BUNDLE_IDENTIFIER = "com.shiwen.connor-graph-agent-mac.tests";
				PRODUCT_NAME = "$(TARGET_NAME)";
				SDKROOT = macosx;
				SWIFT_VERSION = 6.0;
				TEST_HOST = "";
			};
			name = Debug;
		};
		B0000000000000000000000A /* Release */ = {
			isa = XCBuildConfiguration;
			buildSettings = {
				CODE_SIGN_STYLE = Automatic;
				DEAD_CODE_STRIPPING = YES;
				GENERATE_INFOPLIST_FILE = YES;
				LD_RUNPATH_SEARCH_PATHS = (
					"$(inherited)",
					"@executable_path/../Frameworks",
					"@loader_path/../Frameworks",
				);
				MACOSX_DEPLOYMENT_TARGET = 14.0;
				PRODUCT_BUNDLE_IDENTIFIER = "com.shiwen.connor-graph-agent-mac.tests";
				PRODUCT_NAME = "$(TARGET_NAME)";
				SDKROOT = macosx;
				SWIFT_VERSION = 6.0;
				TEST_HOST = "";
			};
			name = Release;
		};
/* End XCBuildConfiguration section */

/* Begin XCConfigurationList section */
		A00000000000000000000016 /* Build configuration list for PBXNativeTarget "ConnorGraphAgentMacApp" */ = {
			isa = XCConfigurationList;
			buildConfigurations = (
				A0000000000000000000001D /* Debug */,
				A0000000000000000000001E /* Release */,
			);
			defaultConfigurationIsVisible = 0;
			defaultConfigurationName = Release;
		};
		A00000000000000000000019 /* Build configuration list for PBXProject "ConnorGraphAgentMac" */ = {
			isa = XCConfigurationList;
			buildConfigurations = (
				A0000000000000000000001B /* Debug */,
				A0000000000000000000001C /* Release */,
			);
			defaultConfigurationIsVisible = 0;
			defaultConfigurationName = Release;
		};
		B00000000000000000000008 /* Build configuration list for PBXNativeTarget "ConnorGraphAgentMacTests" */ = {
			isa = XCConfigurationList;
			buildConfigurations = (
				B00000000000000000000009 /* Debug */,
				B0000000000000000000000A /* Release */,
			);
			defaultConfigurationIsVisible = 0;
			defaultConfigurationName = Release;
		};
/* End XCConfigurationList section */

/* Begin XCLocalSwiftPackageReference section */
		A0000000000000000000001A /* XCLocalSwiftPackageReference "." */ = {
			isa = XCLocalSwiftPackageReference;
			relativePath = .;
		};
/* End XCLocalSwiftPackageReference section */

/* Begin XCSwiftPackageProductDependency section */
		A00000000000000000000004 /* ConnorGraphCore */ = {
			isa = XCSwiftPackageProductDependency;
			package = A0000000000000000000001A /* XCLocalSwiftPackageReference "." */;
			productName = ConnorGraphCore;
		};
		A00000000000000000000006 /* ConnorGraphMemory */ = {
			isa = XCSwiftPackageProductDependency;
			package = A0000000000000000000001A /* XCLocalSwiftPackageReference "." */;
			productName = ConnorGraphMemory;
		};
		A00000000000000000000008 /* ConnorGraphStore */ = {
			isa = XCSwiftPackageProductDependency;
			package = A0000000000000000000001A /* XCLocalSwiftPackageReference "." */;
			productName = ConnorGraphStore;
		};
		A0000000000000000000000A /* ConnorGraphSearch */ = {
			isa = XCSwiftPackageProductDependency;
			package = A0000000000000000000001A /* XCLocalSwiftPackageReference "." */;
			productName = ConnorGraphSearch;
		};
		A0000000000000000000000C /* ConnorGraphAgent */ = {
			isa = XCSwiftPackageProductDependency;
			package = A0000000000000000000001A /* XCLocalSwiftPackageReference "." */;
			productName = ConnorGraphAgent;
		};
		A00000000000000000000010 /* ConnorGraphAppSupport */ = {
			isa = XCSwiftPackageProductDependency;
			package = A0000000000000000000001A /* XCLocalSwiftPackageReference "." */;
			productName = ConnorGraphAppSupport;
		};
/* End XCSwiftPackageProductDependency section */
	};
	rootObject = A00000000000000000000018 /* Project object */;
}
